// !$*UTF8*$!
{
	archiveVersion = 1;
	classes = {
	};
	objectVersion = 56;
	objects = {

/* Begin PBXBuildFile section */
		E482E64E29CD145300AA16AE /* AppDelegate.swift in Sources */ = {isa = PBXBuildFile; fileRef = E482E64D29CD145300AA16AE /* AppDelegate.swift */; };
		E482E65029CD145300AA16AE /* SceneDelegate.swift in Sources */ = {isa = PBXBuildFile; fileRef = E482E64F29CD145300AA16AE /* SceneDelegate.swift */; };
		E482E65229CD145300AA16AE /* HomeViewController.swift in Sources */ = {isa = PBXBuildFile; fileRef = E482E65129CD145300AA16AE /* HomeViewController.swift */; };
		E482E65729CD145700AA16AE /* Assets.xcassets in Resources */ = {isa = PBXBuildFile; fileRef = E482E65629CD145700AA16AE /* Assets.xcassets */; };
		E482E65A29CD145700AA16AE /* LaunchScreen.storyboard in Resources */ = {isa = PBXBuildFile; fileRef = E482E65829CD145700AA16AE /* LaunchScreen.storyboard */; };
		E482E66629CD2DB300AA16AE /* HomeHeaderView.swift in Sources */ = {isa = PBXBuildFile; fileRef = E482E66529CD2DB300AA16AE /* HomeHeaderView.swift */; };
		E482E66829CD2E4F00AA16AE /* Constants.swift in Sources */ = {isa = PBXBuildFile; fileRef = E482E66729CD2E4F00AA16AE /* Constants.swift */; };
		E482E66A29CD2EFF00AA16AE /* UIColor+Extension.swift in Sources */ = {isa = PBXBuildFile; fileRef = E482E66929CD2EFF00AA16AE /* UIColor+Extension.swift */; };
/* End PBXBuildFile section */

/* Begin PBXFileReference section */
		E482E64A29CD145300AA16AE /* Alura Viagens.app */ = {isa = PBXFileReference; explicitFileType = wrapper.application; includeInIndex = 0; path = "Alura Viagens.app"; sourceTree = BUILT_PRODUCTS_DIR; };
		E482E64D29CD145300AA16AE /* AppDelegate.swift */ = {isa = PBXFileReference; lastKnownFileType = sourcecode.swift; path = AppDelegate.swift; sourceTree = "<group>"; };
		E482E64F29CD145300AA16AE /* SceneDelegate.swift */ = {isa = PBXFileReference; lastKnownFileType = sourcecode.swift; path = SceneDelegate.swift; sourceTree = "<group>"; };
		E482E65129CD145300AA16AE /* HomeViewController.swift */ = {isa = PBXFileReference; lastKnownFileType = sourcecode.swift; path = HomeViewController.swift; sourceTree = "<group>"; };
		E482E65629CD145700AA16AE /* Assets.xcassets */ = {isa = PBXFileReference; lastKnownFileType = folder.assetcatalog; path = Assets.xcassets; sourceTree = "<group>"; };
		E482E65929CD145700AA16AE /* Base */ = {isa = PBXFileReference; lastKnownFileType = file.storyboard; name = Base; path = Base.lproj/LaunchScreen.storyboard; sourceTree = "<group>"; };
		E482E65B29CD145700AA16AE /* Info.plist */ = {isa = PBXFileReference; lastKnownFileType = text.plist.xml; path = Info.plist; sourceTree = "<group>"; };
		E482E66529CD2DB300AA16AE /* HomeHeaderView.swift */ = {isa = PBXFileReference; lastKnownFileType = sourcecode.swift; path = HomeHeaderView.swift; sourceTree = "<group>"; };
		E482E66729CD2E4F00AA16AE /* Constants.swift */ = {isa = PBXFileReference; lastKnownFileType = sourcecode.swift; path = Constants.swift; sourceTree = "<group>"; };
		E482E66929CD2EFF00AA16AE /* UIColor+Extension.swift */ = {isa = PBXFileReference; lastKnownFileType = sourcecode.swift; path = "UIColor+Extension.swift"; sourceTree = "<group>"; };
/* End PBXFileReference section */

/* Begin PBXFrameworksBuildPhase section */
		E482E64729CD145300AA16AE /* Frameworks */ = {
			isa = PBXFrameworksBuildPhase;
			buildActionMask = 2147483647;
			files = (
			);
			runOnlyForDeploymentPostprocessing = 0;
		};
/* End PBXFrameworksBuildPhase section */

/* Begin PBXGroup section */
		E462F3D12A0DBA210058D297 /* AppDelegate */ = {
			isa = PBXGroup;
			children = (
				E482E64D29CD145300AA16AE /* AppDelegate.swift */,
				E482E64F29CD145300AA16AE /* SceneDelegate.swift */,
			);
			path = AppDelegate;
			sourceTree = "<group>";
		};
		E462F3D22A0DBA3D0058D297 /* Model */ = {
			isa = PBXGroup;
			children = (
			);
			path = Model;
			sourceTree = "<group>";
		};
		E462F3D32A0DBA430058D297 /* View */ = {
			isa = PBXGroup;
			children = (
				E482E65129CD145300AA16AE /* HomeViewController.swift */,
				E482E66529CD2DB300AA16AE /* HomeHeaderView.swift */,
			);
			path = View;
			sourceTree = "<group>";
		};
		E462F3D42A0DBA5F0058D297 /* Helpers */ = {
			isa = PBXGroup;
			children = (
				E482E66729CD2E4F00AA16AE /* Constants.swift */,
				E482E66929CD2EFF00AA16AE /* UIColor+Extension.swift */,
			);
			path = Helpers;
			sourceTree = "<group>";
		};
		E462F3D52A0DBA970058D297 /* ViewModel */ = {
			isa = PBXGroup;
			children = (
			);
			path = ViewModel;
			sourceTree = "<group>";
		};
		E482E64129CD145300AA16AE = {
			isa = PBXGroup;
			children = (
				E482E64C29CD145300AA16AE /* Alura Viagens */,
				E482E64B29CD145300AA16AE /* Products */,
			);
			sourceTree = "<group>";
		};
		E482E64B29CD145300AA16AE /* Products */ = {
			isa = PBXGroup;
			children = (
				E482E64A29CD145300AA16AE /* Alura Viagens.app */,
			);
			name = Products;
			sourceTree = "<group>";
		};
		E482E64C29CD145300AA16AE /* Alura Viagens */ = {
			isa = PBXGroup;
			children = (
				E462F3D22A0DBA3D0058D297 /* Model */,
				E462F3D32A0DBA430058D297 /* View */,
				E462F3D52A0DBA970058D297 /* ViewModel */,
				E462F3D42A0DBA5F0058D297 /* Helpers */,
				E462F3D12A0DBA210058D297 /* AppDelegate */,
				E482E65629CD145700AA16AE /* Assets.xcassets */,
				E482E65829CD145700AA16AE /* LaunchScreen.storyboard */,
				E482E65B29CD145700AA16AE /* Info.plist */,
			);
			path = "Alura Viagens";
			sourceTree = "<group>";
		};
/* End PBXGroup section */

/* Begin PBXNativeTarget section */
		E482E64929CD145300AA16AE /* Alura Viagens */ = {
			isa = PBXNativeTarget;
			buildConfigurationList = E482E65E29CD145700AA16AE /* Build configuration list for PBXNativeTarget "Alura Viagens" */;
			buildPhases = (
				E482E64629CD145300AA16AE /* Sources */,
				E482E64729CD145300AA16AE /* Frameworks */,
				E482E64829CD145300AA16AE /* Resources */,
			);
			buildRules = (
			);
			dependencies = (
			);
			name = "Alura Viagens";
			productName = "Alura Viagens";
			productReference = E482E64A29CD145300AA16AE /* Alura Viagens.app */;
			productType = "com.apple.product-type.application";
		};
/* End PBXNativeTarget section */

/* Begin PBXProject section */
		E482E64229CD145300AA16AE /* Project object */ = {
			isa = PBXProject;
			attributes = {
				BuildIndependentTargetsInParallel = 1;
				LastSwiftUpdateCheck = 1400;
				LastUpgradeCheck = 1400;
				TargetAttributes = {
					E482E64929CD145300AA16AE = {
						CreatedOnToolsVersion = 14.0;
					};
				};
			};
			buildConfigurationList = E482E64529CD145300AA16AE /* Build configuration list for PBXProject "Alura Viagens" */;
			compatibilityVersion = "Xcode 14.0";
			developmentRegion = en;
			hasScannedForEncodings = 0;
			knownRegions = (
				en,
				Base,
			);
			mainGroup = E482E64129CD145300AA16AE;
			productRefGroup = E482E64B29CD145300AA16AE /* Products */;
			projectDirPath = "";
			projectRoot = "";
			targets = (
				E482E64929CD145300AA16AE /* Alura Viagens */,
			);
		};
/* End PBXProject section */

/* Begin PBXResourcesBuildPhase section */
		E482E64829CD145300AA16AE /* Resources */ = {
			isa = PBXResourcesBuildPhase;
			buildActionMask = 2147483647;
			files = (
				E482E65A29CD145700AA16AE /* LaunchScreen.storyboard in Resources */,
				E482E65729CD145700AA16AE /* Assets.xcassets in Resources */,
			);
			runOnlyForDeploymentPostprocessing = 0;
		};
/* End PBXResourcesBuildPhase section */

/* Begin PBXSourcesBuildPhase section */
		E482E64629CD145300AA16AE /* Sources */ = {
			isa = PBXSourcesBuildPhase;
			buildActionMask = 2147483647;
			files = (
				E482E66A29CD2EFF00AA16AE /* UIColor+Extension.swift in Sources */,
				E482E65229CD145300AA16AE /* HomeViewController.swift in Sources */,
				E482E66629CD2DB300AA16AE /* HomeHeaderView.swift in Sources */,
				E482E64E29CD145300AA16AE /* AppDelegate.swift in Sources */,
				E482E65029CD145300AA16AE /* SceneDelegate.swift in Sources */,
				E482E66829CD2E4F00AA16AE /* Constants.swift in Sources */,
			);
			runOnlyForDeploymentPostprocessing = 0;
		};
/* End PBXSourcesBuildPhase section */

/* Begin PBXVariantGroup section */
		E482E65829CD145700AA16AE /* LaunchScreen.storyboard */ = {
			isa = PBXVariantGroup;
			children = (
				E482E65929CD145700AA16AE /* Base */,
			);
			name = LaunchScreen.storyboard;
			sourceTree = "<group>";
		};
/* End PBXVariantGroup section */

/* Begin XCBuildConfiguration section */
		E482E65C29CD145700AA16AE /* Debug */ = {
			isa = XCBuildConfiguration;
			buildSettings = {
				ALWAYS_SEARCH_USER_PATHS = NO;
				CLANG_ANALYZER_NONNULL = YES;
				CLANG_ANALYZER_NUMBER_OBJECT_CONVERSION = YES_AGGRESSIVE;
				CLANG_CXX_LANGUAGE_STANDARD = "gnu++20";
				CLANG_ENABLE_MODULES = YES;
				CLANG_ENABLE_OBJC_ARC = YES;
				CLANG_ENABLE_OBJC_WEAK = YES;
				CLANG_WARN_BLOCK_CAPTURE_AUTORELEASING = YES;
				CLANG_WARN_BOOL_CONVERSION = YES;
				CLANG_WARN_COMMA = YES;
				CLANG_WARN_CONSTANT_CONVERSION = YES;
				CLANG_WARN_DEPRECATED_OBJC_IMPLEMENTATIONS = YES;
				CLANG_WARN_DIRECT_OBJC_ISA_USAGE = YES_ERROR;
				CLANG_WARN_DOCUMENTATION_COMMENTS = YES;
				CLANG_WARN_EMPTY_BODY = YES;
				CLANG_WARN_ENUM_CONVERSION = YES;
				CLANG_WARN_INFINITE_RECURSION = YES;
				CLANG_WARN_INT_CONVERSION = YES;
				CLANG_WARN_NON_LITERAL_NULL_CONVERSION = YES;
				CLANG_WARN_OBJC_IMPLICIT_RETAIN_SELF = YES;
				CLANG_WARN_OBJC_LITERAL_CONVERSION = YES;
				CLANG_WARN_OBJC_ROOT_CLASS = YES_ERROR;
				CLANG_WARN_QUOTED_INCLUDE_IN_FRAMEWORK_HEADER = YES;
				CLANG_WARN_RANGE_LOOP_ANALYSIS = YES;
				CLANG_WARN_STRICT_PROTOTYPES = YES;
				CLANG_WARN_SUSPICIOUS_MOVE = YES;
				CLANG_WARN_UNGUARDED_AVAILABILITY = YES_AGGRESSIVE;
				CLANG_WARN_UNREACHABLE_CODE = YES;
				CLANG_WARN__DUPLICATE_METHOD_MATCH = YES;
				COPY_PHASE_STRIP = NO;
				DEBUG_INFORMATION_FORMAT = dwarf;
				ENABLE_STRICT_OBJC_MSGSEND = YES;
				ENABLE_TESTABILITY = YES;
				GCC_C_LANGUAGE_STANDARD = gnu11;
				GCC_DYNAMIC_NO_PIC = NO;
				GCC_NO_COMMON_BLOCKS = YES;
				GCC_OPTIMIZATION_LEVEL = 0;
				GCC_PREPROCESSOR_DEFINITIONS = (
					"DEBUG=1",
					"$(inherited)",
				);
				GCC_WARN_64_TO_32_BIT_CONVERSION = YES;
				GCC_WARN_ABOUT_RETURN_TYPE = YES_ERROR;
				GCC_WARN_UNDECLARED_SELECTOR = YES;
				GCC_WARN_UNINITIALIZED_AUTOS = YES_AGGRESSIVE;
				GCC_WARN_UNUSED_FUNCTION = YES;
				GCC_WARN_UNUSED_VARIABLE = YES;
				IPHONEOS_DEPLOYMENT_TARGET = 16.0;
				MTL_ENABLE_DEBUG_INFO = INCLUDE_SOURCE;
				MTL_FAST_MATH = YES;
				ONLY_ACTIVE_ARCH = YES;
				SDKROOT = iphoneos;
				SWIFT_ACTIVE_COMPILATION_CONDITIONS = DEBUG;
				SWIFT_OPTIMIZATION_LEVEL = "-Onone";
			};
			name = Debug;
		};
		E482E65D29CD145700AA16AE /* Release */ = {
			isa = XCBuildConfiguration;
			buildSettings = {
				ALWAYS_SEARCH_USER_PATHS = NO;
				CLANG_ANALYZER_NONNULL = YES;
				CLANG_ANALYZER_NUMBER_OBJECT_CONVERSION = YES_AGGRESSIVE;
				CLANG_CXX_LANGUAGE_STANDARD = "gnu++20";
				CLANG_ENABLE_MODULES = YES;
				CLANG_ENABLE_OBJC_ARC = YES;
				CLANG_ENABLE_OBJC_WEAK = YES;
				CLANG_WARN_BLOCK_CAPTURE_AUTORELEASING = YES;
				CLANG_WARN_BOOL_CONVERSION = YES;
				CLANG_WARN_COMMA = YES;
				CLANG_WARN_CONSTANT_CONVERSION = YES;
				CLANG_WARN_DEPRECATED_OBJC_IMPLEMENTATIONS = YES;
				CLANG_WARN_DIRECT_OBJC_ISA_USAGE = YES_ERROR;
				CLANG_WARN_DOCUMENTATION_COMMENTS = YES;
				CLANG_WARN_EMPTY_BODY = YES;
				CLANG_WARN_ENUM_CONVERSION = YES;
				CLANG_WARN_INFINITE_RECURSION = YES;
				CLANG_WARN_INT_CONVERSION = YES;
				CLANG_WARN_NON_LITERAL_NULL_CONVERSION = YES;
				CLANG_WARN_OBJC_IMPLICIT_RETAIN_SELF = YES;
				CLANG_WARN_OBJC_LITERAL_CONVERSION = YES;
				CLANG_WARN_OBJC_ROOT_CLASS = YES_ERROR;
				CLANG_WARN_QUOTED_INCLUDE_IN_FRAMEWORK_HEADER = YES;
				CLANG_WARN_RANGE_LOOP_ANALYSIS = YES;
				CLANG_WARN_STRICT_PROTOTYPES = YES;
				CLANG_WARN_SUSPICIOUS_MOVE = YES;
				CLANG_WARN_UNGUARDED_AVAILABILITY = YES_AGGRESSIVE;
				CLANG_WARN_UNREACHABLE_CODE = YES;
				CLANG_WARN__DUPLICATE_METHOD_MATCH = YES;
				COPY_PHASE_STRIP = NO;
				DEBUG_INFORMATION_FORMAT = "dwarf-with-dsym";
				ENABLE_NS_ASSERTIONS = NO;
				ENABLE_STRICT_OBJC_MSGSEND = YES;
				GCC_C_LANGUAGE_STANDARD = gnu11;
				GCC_NO_COMMON_BLOCKS = YES;
				GCC_WARN_64_TO_32_BIT_CONVERSION = YES;
				GCC_WARN_ABOUT_RETURN_TYPE = YES_ERROR;
				GCC_WARN_UNDECLARED_SELECTOR = YES;
				GCC_WARN_UNINITIALIZED_AUTOS = YES_AGGRESSIVE;
				GCC_WARN_UNUSED_FUNCTION = YES;
				GCC_WARN_UNUSED_VARIABLE = YES;
				IPHONEOS_DEPLOYMENT_TARGET = 16.0;
				MTL_ENABLE_DEBUG_INFO = NO;
				MTL_FAST_MATH = YES;
				SDKROOT = iphoneos;
				SWIFT_COMPILATION_MODE = wholemodule;
				SWIFT_OPTIMIZATION_LEVEL = "-O";
				VALIDATE_PRODUCT = YES;
			};
			name = Release;
		};
		E482E65F29CD145700AA16AE /* Debug */ = {
			isa = XCBuildConfiguration;
			buildSettings = {
				ASSETCATALOG_COMPILER_APPICON_NAME = AppIcon;
				ASSETCATALOG_COMPILER_GLOBAL_ACCENT_COLOR_NAME = AccentColor;
				CODE_SIGN_STYLE = Automatic;
				CURRENT_PROJECT_VERSION = 1;
				DEVELOPMENT_TEAM = VBKQ5VV87D;
				GENERATE_INFOPLIST_FILE = YES;
				INFOPLIST_FILE = "Alura Viagens/Info.plist";
				INFOPLIST_KEY_UIApplicationSupportsIndirectInputEvents = YES;
				INFOPLIST_KEY_UILaunchStoryboardName = LaunchScreen.storyboard;
				INFOPLIST_KEY_UIStatusBarStyle = "";
				INFOPLIST_KEY_UISupportedInterfaceOrientations_iPad = "UIInterfaceOrientationPortrait UIInterfaceOrientationPortraitUpsideDown UIInterfaceOrientationLandscapeLeft UIInterfaceOrientationLandscapeRight";
				INFOPLIST_KEY_UISupportedInterfaceOrientations_iPhone = "UIInterfaceOrientationPortrait UIInterfaceOrientationLandscapeLeft UIInterfaceOrientationLandscapeRight";
				LD_RUNPATH_SEARCH_PATHS = (
					"$(inherited)",
					"@executable_path/Frameworks",
				);
				MARKETING_VERSION = 1.0;
				PRODUCT_BUNDLE_IDENTIFIER = "com.KamillaAntunes.Alura-Viagens";
				PRODUCT_NAME = "$(TARGET_NAME)";
				SWIFT_EMIT_LOC_STRINGS = YES;
				SWIFT_VERSION = 5.0;
				TARGETED_DEVICE_FAMILY = "1,2";
			};
			name = Debug;
		};
		E482E66029CD145700AA16AE /* Release */ = {
			isa = XCBuildConfiguration;
			buildSettings = {
				ASSETCATALOG_COMPILER_APPICON_NAME = AppIcon;
				ASSETCATALOG_COMPILER_GLOBAL_ACCENT_COLOR_NAME = AccentColor;
				CODE_SIGN_STYLE = Automatic;
				CURRENT_PROJECT_VERSION = 1;
				DEVELOPMENT_TEAM = VBKQ5VV87D;
				GENERATE_INFOPLIST_FILE = YES;
				INFOPLIST_FILE = "Alura Viagens/Info.plist";
				INFOPLIST_KEY_UIApplicationSupportsIndirectInputEvents = YES;
				INFOPLIST_KEY_UILaunchStoryboardName = LaunchScreen.storyboard;
				INFOPLIST_KEY_UIStatusBarStyle = "";
				INFOPLIST_KEY_UISupportedInterfaceOrientations_iPad = "UIInterfaceOrientationPortrait UIInterfaceOrientationPortraitUpsideDown UIInterfaceOrientationLandscapeLeft UIInterfaceOrientationLandscapeRight";
				INFOPLIST_KEY_UISupportedInterfaceOrientations_iPhone = "UIInterfaceOrientationPortrait UIInterfaceOrientationLandscapeLeft UIInterfaceOrientationLandscapeRight";
				LD_RUNPATH_SEARCH_PATHS = (
					"$(inherited)",
					"@executable_path/Frameworks",
				);
				MARKETING_VERSION = 1.0;
				PRODUCT_BUNDLE_IDENTIFIER = "com.KamillaAntunes.Alura-Viagens";
				PRODUCT_NAME = "$(TARGET_NAME)";
				SWIFT_EMIT_LOC_STRINGS = YES;
				SWIFT_VERSION = 5.0;
				TARGETED_DEVICE_FAMILY = "1,2";
			};
			name = Release;
		};
/* End XCBuildConfiguration section */

/* Begin XCConfigurationList section */
		E482E64529CD145300AA16AE /* Build configuration list for PBXProject "Alura Viagens" */ = {
			isa = XCConfigurationList;
			buildConfigurations = (
				E482E65C29CD145700AA16AE /* Debug */,
				E482E65D29CD145700AA16AE /* Release */,
			);
			defaultConfigurationIsVisible = 0;
			defaultConfigurationName = Release;
		};
		E482E65E29CD145700AA16AE /* Build configuration list for PBXNativeTarget "Alura Viagens" */ = {
			isa = XCConfigurationList;
			buildConfigurations = (
				E482E65F29CD145700AA16AE /* Debug */,
				E482E66029CD145700AA16AE /* Release */,
			);
			defaultConfigurationIsVisible = 0;
			defaultConfigurationName = Release;
		};
/* End XCConfigurationList section */
	};
	rootObject = E482E64229CD145300AA16AE /* Project object */;
}
